<?xml version="1.0" encoding="utf-8"?>
<Project ToolsVersion="4.0" xmlns="http://schemas.microsoft.com/developer/msbuild/2003">
  <ItemGroup>
    <Filter Include="Source Files">
      <UniqueIdentifier>{b85241b6-d86e-4c0e-926b-ce8d2e804f6c}</UniqueIdentifier>
      <Extensions>cpp;c;cxx;def;odl;idl;hpj;bat;asm</Extensions>
    </Filter>
    <Filter Include="Header Files">
      <UniqueIdentifier>{b2c85435-7277-4cc2-af90-5f17f471b0a2}</UniqueIdentifier>
      <Extensions>h;hpp;hxx;hm;inl;inc</Extensions>
    </Filter>
    <Filter Include="Resource Files">
      <UniqueIdentifier>{423672cd-d7ce-4cdf-8526-cd334c93e670}</UniqueIdentifier>
      <Extensions>rc;ico;cur;bmp;dlg;rc2;rct;bin;rgs;gif;jpg;jpeg;jpe</Extensions>
    </Filter>
  </ItemGroup>
  <ItemGroup>
    <ClCompile Include="DSMPropertyBag.cpp">
      <Filter>Source Files</Filter>
    </ClCompile>
    <ClCompile Include="DSUtil.cpp">
      <Filter>Source Files</Filter>
    </ClCompile>
    <ClCompile Include="FontInstaller.cpp">
      <Filter>Source Files</Filter>
    </ClCompile>
    <ClCompile Include="MediaTypeEx.cpp">
      <Filter>Source Files</Filter>
    </ClCompile>
    <ClCompile Include="MediaTypes.cpp">
      <Filter>Source Files</Filter>
    </ClCompile>
    <ClCompile Include="NullRenderers.cpp">
      <Filter>Source Files</Filter>
    </ClCompile>
    <ClCompile Include="stdafx.cpp">
      <Filter>Source Files</Filter>
    </ClCompile>
    <ClCompile Include="text.cpp">
      <Filter>Source Files</Filter>
    </ClCompile>
    <ClCompile Include="vd.cpp">
      <Filter>Source Files</Filter>
    </ClCompile>
  </ItemGroup>
  <ItemGroup>
    <ClInclude Include="DSMPropertyBag.h">
      <Filter>Header Files</Filter>
    </ClInclude>
    <ClInclude Include="DSUtil.h">
      <Filter>Header Files</Filter>
    </ClInclude>
    <ClInclude Include="FontInstaller.h">
      <Filter>Header Files</Filter>
    </ClInclude>
    <ClInclude Include="MediaTypeEx.h">
      <Filter>Header Files</Filter>
    </ClInclude>
    <ClInclude Include="MediaTypes.h">
      <Filter>Header Files</Filter>
    </ClInclude>
    <ClInclude Include="NullRenderers.h">
      <Filter>Header Files</Filter>
    </ClInclude>
    <ClInclude Include="stdafx.h">
      <Filter>Header Files</Filter>
    </ClInclude>
    <ClInclude Include="text.h">
      <Filter>Header Files</Filter>
    </ClInclude>
    <ClInclude Include="vd.h">
      <Filter>Header Files</Filter>
    </ClInclude>
  </ItemGroup>
  <ItemGroup>
    <CustomBuild Include="a_yuv2rgb.asm">
      <Filter>Source Files</Filter>
    </CustomBuild>
    <CustomBuild Include="a_yuvtable.asm">
      <Filter>Source Files</Filter>
    </CustomBuild>
    <CustomBuild Include="convert_a.asm">
      <Filter>Source Files</Filter>
    </CustomBuild>
  </ItemGroup>
</Project>